// !$*UTF8*$!
{
	archiveVersion = 1;
	classes = {
	};
	objectVersion = 46;
	objects = {

/* Begin PBXBuildFile section */
		59E33F911F51B7C20005563B /* AppDelegate.swift in Sources */ = {isa = PBXBuildFile; fileRef = 59E33F901F51B7C20005563B /* AppDelegate.swift */; };
		59E33F931F51B7C20005563B /* ViewController.swift in Sources */ = {isa = PBXBuildFile; fileRef = 59E33F921F51B7C20005563B /* ViewController.swift */; };
		59E33F961F51B7C20005563B /* Main.storyboard in Resources */ = {isa = PBXBuildFile; fileRef = 59E33F941F51B7C20005563B /* Main.storyboard */; };
		59E33F981F51B7C20005563B /* Assets.xcassets in Resources */ = {isa = PBXBuildFile; fileRef = 59E33F971F51B7C20005563B /* Assets.xcassets */; };
		59E33F9B1F51B7C20005563B /* LaunchScreen.storyboard in Resources */ = {isa = PBXBuildFile; fileRef = 59E33F991F51B7C20005563B /* LaunchScreen.storyboard */; };
/* End PBXBuildFile section */

/* Begin PBXFileReference section */
		59E33F8D1F51B7C20005563B /* drinkassist.app */ = {isa = PBXFileReference; explicitFileType = wrapper.application; includeInIndex = 0; path = drinkassist.app; sourceTree = BUILT_PRODUCTS_DIR; };
		59E33F901F51B7C20005563B /* AppDelegate.swift */ = {isa = PBXFileReference; lastKnownFileType = sourcecode.swift; path = AppDelegate.swift; sourceTree = "<group>"; };
		59E33F921F51B7C20005563B /* ViewController.swift */ = {isa = PBXFileReference; lastKnownFileType = sourcecode.swift; path = ViewController.swift; sourceTree = "<group>"; };
		59E33F951F51B7C20005563B /* Base */ = {isa = PBXFileReference; lastKnownFileType = file.storyboard; name = Base; path = Base.lproj/Main.storyboard; sourceTree = "<group>"; };
		59E33F971F51B7C20005563B /* Assets.xcassets */ = {isa = PBXFileReference; lastKnownFileType = folder.assetcatalog; path = Assets.xcassets; sourceTree = "<group>"; };
		59E33F9A1F51B7C20005563B /* Base */ = {isa = PBXFileReference; lastKnownFileType = file.storyboard; name = Base; path = Base.lproj/LaunchScreen.storyboard; sourceTree = "<group>"; };
		59E33F9C1F51B7C20005563B /* Info.plist */ = {isa = PBXFileReference; lastKnownFileType = text.plist.xml; path = Info.plist; sourceTree = "<group>"; };
/* End PBXFileReference section */

/* Begin PBXFrameworksBuildPhase section */
		59E33F8A1F51B7C20005563B /* Frameworks */ = {
			isa = PBXFrameworksBuildPhase;
			buildActionMask = 2147483647;
			files = (
			);
			runOnlyForDeploymentPostprocessing = 0;
		};
/* End PBXFrameworksBuildPhase section */

/* Begin PBXGroup section */
		59E33F841F51B7C20005563B = {
			isa = PBXGroup;
			children = (
				59E33F8F1F51B7C20005563B /* drinkassist */,
				59E33F8E1F51B7C20005563B /* Products */,
			);
			sourceTree = "<group>";
		};
		59E33F8E1F51B7C20005563B /* Products */ = {
			isa = PBXGroup;
			children = (
				59E33F8D1F51B7C20005563B /* drinkassist.app */,
			);
			name = Products;
			sourceTree = "<group>";
		};
		59E33F8F1F51B7C20005563B /* drinkassist */ = {
			isa = PBXGroup;
			children = (
				59E33F901F51B7C20005563B /* AppDelegate.swift */,
				59E33F921F51B7C20005563B /* ViewController.swift */,
				59E33F941F51B7C20005563B /* Main.storyboard */,
				59E33F971F51B7C20005563B /* Assets.xcassets */,
				59E33F991F51B7C20005563B /* LaunchScreen.storyboard */,
				59E33F9C1F51B7C20005563B /* Info.plist */,
			);
			path = drinkassist;
			sourceTree = "<group>";
		};
/* End PBXGroup section */

/* Begin PBXNativeTarget section */
		59E33F8C1F51B7C20005563B /* drinkassist */ = {
			isa = PBXNativeTarget;
			buildConfigurationList = 59E33F9F1F51B7C20005563B /* Build configuration list for PBXNativeTarget "drinkassist" */;
			buildPhases = (
				59E33F891F51B7C20005563B /* Sources */,
				59E33F8A1F51B7C20005563B /* Frameworks */,
				59E33F8B1F51B7C20005563B /* Resources */,
			);
			buildRules = (
			);
			dependencies = (
			);
			name = drinkassist;
			productName = drinkassist;
			productReference = 59E33F8D1F51B7C20005563B /* drinkassist.app */;
			productType = "com.apple.product-type.application";
		};
/* End PBXNativeTarget section */

/* Begin PBXProject section */
		59E33F851F51B7C20005563B /* Project object */ = {
			isa = PBXProject;
			attributes = {
				LastSwiftUpdateCheck = 0830;
				LastUpgradeCheck = 0830;
				ORGANIZATIONNAME = "Henningsson Company";
				TargetAttributes = {
					59E33F8C1F51B7C20005563B = {
						CreatedOnToolsVersion = 8.3.3;
						DevelopmentTeam = WN2A587M9K;
						ProvisioningStyle = Automatic;
					};
				};
			};
			buildConfigurationList = 59E33F881F51B7C20005563B /* Build configuration list for PBXProject "drinkassist" */;
			compatibilityVersion = "Xcode 3.2";
			developmentRegion = English;
			hasScannedForEncodings = 0;
			knownRegions = (
				en,
				Base,
			);
			mainGroup = 59E33F841F51B7C20005563B;
			productRefGroup = 59E33F8E1F51B7C20005563B /* Products */;
			projectDirPath = "";
			projectRoot = "";
			targets = (
				59E33F8C1F51B7C20005563B /* drinkassist */,
			);
		};
/* End PBXProject section */

/* Begin PBXResourcesBuildPhase section */
		59E33F8B1F51B7C20005563B /* Resources */ = {
			isa = PBXResourcesBuildPhase;
			buildActionMask = 2147483647;
			files = (
				59E33F9B1F51B7C20005563B /* LaunchScreen.storyboard in Resources */,
				59E33F981F51B7C20005563B /* Assets.xcassets in Resources */,
				59E33F961F51B7C20005563B /* Main.storyboard in Resources */,
			);
			runOnlyForDeploymentPostprocessing = 0;
		};
/* End PBXResourcesBuildPhase section */

/* Begin PBXSourcesBuildPhase section */
		59E33F891F51B7C20005563B /* Sources */ = {
			isa = PBXSourcesBuildPhase;
			buildActionMask = 2147483647;
			files = (
				59E33F931F51B7C20005563B /* ViewController.swift in Sources */,
				59E33F911F51B7C20005563B /* AppDelegate.swift in Sources */,
			);
			runOnlyForDeploymentPostprocessing = 0;
		};
/* End PBXSourcesBuildPhase section */

/* Begin PBXVariantGroup section */
		59E33F941F51B7C20005563B /* Main.storyboard */ = {
			isa = PBXVariantGroup;
			children = (
				59E33F951F51B7C20005563B /* Base */,
			);
			name = Main.storyboard;
			sourceTree = "<group>";
		};
		59E33F991F51B7C20005563B /* LaunchScreen.storyboard */ = {
			isa = PBXVariantGroup;
			children = (
				59E33F9A1F51B7C20005563B /* Base */,
			);
			name = LaunchScreen.storyboard;
			sourceTree = "<group>";
		};
/* End PBXVariantGroup section */

/* Begin XCBuildConfiguration section */
		59E33F9D1F51B7C20005563B /* Debug */ = {
			isa = XCBuildConfiguration;
			buildSettings = {
				ALWAYS_SEARCH_USER_PATHS = NO;
				CLANG_ANALYZER_NONNULL = YES;
				CLANG_ANALYZER_NUMBER_OBJECT_CONVERSION = YES_AGGRESSIVE;
				CLANG_CXX_LANGUAGE_STANDARD = "gnu++0x";
				CLANG_CXX_LIBRARY = "libc++";
				CLANG_ENABLE_MODULES = YES;
				CLANG_ENABLE_OBJC_ARC = YES;
				CLANG_WARN_BOOL_CONVERSION = YES;
				CLANG_WARN_CONSTANT_CONVERSION = YES;
				CLANG_WARN_DIRECT_OBJC_ISA_USAGE = YES_ERROR;
				CLANG_WARN_DOCUMENTATION_COMMENTS = YES;
				CLANG_WARN_EMPTY_BODY = YES;
				CLANG_WARN_ENUM_CONVERSION = YES;
				CLANG_WARN_INFINITE_RECURSION = YES;
				CLANG_WARN_INT_CONVERSION = YES;
				CLANG_WARN_OBJC_ROOT_CLASS = YES_ERROR;
				CLANG_WARN_SUSPICIOUS_MOVE = YES;
				CLANG_WARN_UNREACHABLE_CODE = YES;
				CLANG_WARN__DUPLICATE_METHOD_MATCH = YES;
				"CODE_SIGN_IDENTITY[sdk=iphoneos*]" = "iPhone Developer";
				COPY_PHASE_STRIP = NO;
				DEBUG_INFORMATION_FORMAT = dwarf;
				ENABLE_STRICT_OBJC_MSGSEND = YES;
				ENABLE_TESTABILITY = YES;
				GCC_C_LANGUAGE_STANDARD = gnu99;
				GCC_DYNAMIC_NO_PIC = NO;
				GCC_NO_COMMON_BLOCKS = YES;
				GCC_OPTIMIZATION_LEVEL = 0;
				GCC_PREPROCESSOR_DEFINITIONS = (
					"DEBUG=1",
					"$(inherited)",
				);
				GCC_WARN_64_TO_32_BIT_CONVERSION = YES;
				GCC_WARN_ABOUT_RETURN_TYPE = YES_ERROR;
				GCC_WARN_UNDECLARED_SELECTOR = YES;
				GCC_WARN_UNINITIALIZED_AUTOS = YES_AGGRESSIVE;
				GCC_WARN_UNUSED_FUNCTION = YES;
				GCC_WARN_UNUSED_VARIABLE = YES;
				IPHONEOS_DEPLOYMENT_TARGET = 10.3;
				MTL_ENABLE_DEBUG_INFO = YES;
				ONLY_ACTIVE_ARCH = YES;
				SDKROOT = iphoneos;
				SWIFT_ACTIVE_COMPILATION_CONDITIONS = DEBUG;
				SWIFT_OPTIMIZATION_LEVEL = "-Onone";
				TARGETED_DEVICE_FAMILY = "1,2";
			};
			name = Debug;
		};
		59E33F9E1F51B7C20005563B /* Release */ = {
			isa = XCBuildConfiguration;
			buildSettings = {
				ALWAYS_SEARCH_USER_PATHS = NO;
				CLANG_ANALYZER_NONNULL = YES;
				CLANG_ANALYZER_NUMBER_OBJECT_CONVERSION = YES_AGGRESSIVE;
				CLANG_CXX_LANGUAGE_STANDARD = "gnu++0x";
				CLANG_CXX_LIBRARY = "libc++";
				CLANG_ENABLE_MODULES = YES;
				CLANG_ENABLE_OBJC_ARC = YES;
				CLANG_WARN_BOOL_CONVERSION = YES;
				CLANG_WARN_CONSTANT_CONVERSION = YES;
				CLANG_WARN_DIRECT_OBJC_ISA_USAGE = YES_ERROR;
				CLANG_WARN_DOCUMENTATION_COMMENTS = YES;
				CLANG_WARN_EMPTY_BODY = YES;
				CLANG_WARN_ENUM_CONVERSION = YES;
				CLANG_WARN_INFINITE_RECURSION = YES;
				CLANG_WARN_INT_CONVERSION = YES;
				CLANG_WARN_OBJC_ROOT_CLASS = YES_ERROR;
				CLANG_WARN_SUSPICIOUS_MOVE = YES;
				CLANG_WARN_UNREACHABLE_CODE = YES;
				CLANG_WARN__DUPLICATE_METHOD_MATCH = YES;
				"CODE_SIGN_IDENTITY[sdk=iphoneos*]" = "iPhone Developer";
				COPY_PHASE_STRIP = NO;
				DEBUG_INFORMATION_FORMAT = "dwarf-with-dsym";
				ENABLE_NS_ASSERTIONS = NO;
				ENABLE_STRICT_OBJC_MSGSEND = YES;
				GCC_C_LANGUAGE_STANDARD = gnu99;
				GCC_NO_COMMON_BLOCKS = YES;
				GCC_WARN_64_TO_32_BIT_CONVERSION = YES;
				GCC_WARN_ABOUT_RETURN_TYPE = YES_ERROR;
				GCC_WARN_UNDECLARED_SELECTOR = YES;
				GCC_WARN_UNINITIALIZED_AUTOS = YES_AGGRESSIVE;
				GCC_WARN_UNUSED_FUNCTION = YES;
				GCC_WARN_UNUSED_VARIABLE = YES;
				IPHONEOS_DEPLOYMENT_TARGET = 10.3;
				MTL_ENABLE_DEBUG_INFO = NO;
				SDKROOT = iphoneos;
				SWIFT_OPTIMIZATION_LEVEL = "-Owholemodule";
				TARGETED_DEVICE_FAMILY = "1,2";
				VALIDATE_PRODUCT = YES;
			};
			name = Release;
		};
		59E33FA01F51B7C20005563B /* Debug */ = {
			isa = XCBuildConfiguration;
			buildSettings = {
				ASSETCATALOG_COMPILER_APPICON_NAME = AppIcon;
				DEVELOPMENT_TEAM = WN2A587M9K;
				INFOPLIST_FILE = drinkassist/Info.plist;
				LD_RUNPATH_SEARCH_PATHS = "$(inherited) @executable_path/Frameworks";
				PRODUCT_BUNDLE_IDENTIFIER = com.hc.drinkassist;
				PRODUCT_NAME = "$(TARGET_NAME)";
				SWIFT_VERSION = 3.0;
			};
			name = Debug;
		};
		59E33FA11F51B7C20005563B /* Release */ = {
			isa = XCBuildConfiguration;
			buildSettings = {
				ASSETCATALOG_COMPILER_APPICON_NAME = AppIcon;
				DEVELOPMENT_TEAM = WN2A587M9K;
				INFOPLIST_FILE = drinkassist/Info.plist;
				LD_RUNPATH_SEARCH_PATHS = "$(inherited) @executable_path/Frameworks";
				PRODUCT_BUNDLE_IDENTIFIER = com.hc.drinkassist;
				PRODUCT_NAME = "$(TARGET_NAME)";
				SWIFT_VERSION = 3.0;
			};
			name = Release;
		};
/* End XCBuildConfiguration section */

/* Begin XCConfigurationList section */
		59E33F881F51B7C20005563B /* Build configuration list for PBXProject "drinkassist" */ = {
			isa = XCConfigurationList;
			buildConfigurations = (
				59E33F9D1F51B7C20005563B /* Debug */,
				59E33F9E1F51B7C20005563B /* Release */,
			);
			defaultConfigurationIsVisible = 0;
			defaultConfigurationName = Release;
		};
		59E33F9F1F51B7C20005563B /* Build configuration list for PBXNativeTarget "drinkassist" */ = {
			isa = XCConfigurationList;
			buildConfigurations = (
				59E33FA01F51B7C20005563B /* Debug */,
				59E33FA11F51B7C20005563B /* Release */,
			);
			defaultConfigurationIsVisible = 0;
		};
/* End XCConfigurationList section */
	};
	rootObject = 59E33F851F51B7C20005563B /* Project object */;
}
